
Microsoft Visual Studio Solution File, Format Version 12.00
# Visual Studio Version 17
VisualStudioVersion = 17.3.32825.248
MinimumVisualStudioVersion = 10.0.40219.1
Project("{FAE04EC0-301F-11D3-BF4B-00C04F79EFBC}") = "April 17 homework.Web", "April 17 homework.Web\April 17 homework.Web.csproj", "{630969B7-F16E-4071-8AC1-7DF746BB8322}"
EndProject
Project("{FAE04EC0-301F-11D3-BF4B-00C04F79EFBC}") = "April 17 homework.Data", "April 17 homework.Data\April 17 homework.Data.csproj", "{727FB07D-3B44-41F6-AF71-475677F94D1F}"
EndProject
Global
	GlobalSection(SolutionConfigurationPlatforms) = preSolution
		Debug|Any CPU = Debug|Any CPU
		Release|Any CPU = Release|Any CPU
	EndGlobalSection
	GlobalSection(ProjectConfigurationPlatforms) = postSolution
		{630969B7-F16E-4071-8AC1-7DF746BB8322}.Debug|Any CPU.ActiveCfg = Debug|Any CPU
		{630969B7-F16E-4071-8AC1-7DF746BB8322}.Debug|Any CPU.Build.0 = Debug|Any CPU
		{630969B7-F16E-4071-8AC1-7DF746BB8322}.Release|Any CPU.ActiveCfg = Release|Any CPU
		{630969B7-F16E-4071-8AC1-7DF746BB8322}.Release|Any CPU.Build.0 = Release|Any CPU
		{727FB07D-3B44-41F6-AF71-475677F94D1F}.Debug|Any CPU.ActiveCfg = Debug|Any CPU
		{727FB07D-3B44-41F6-AF71-475677F94D1F}.Debug|Any CPU.Build.0 = Debug|Any CPU
		{727FB07D-3B44-41F6-AF71-475677F94D1F}.Release|Any CPU.ActiveCfg = Release|Any CPU
		{727FB07D-3B44-41F6-AF71-475677F94D1F}.Release|Any CPU.Build.0 = Release|Any CPU
	EndGlobalSection
	GlobalSection(SolutionProperties) = preSolution
		HideSolutionNode = FALSE
	EndGlobalSection
	GlobalSection(ExtensibilityGlobals) = postSolution
		SolutionGuid = {51ABA992-7680-4DBC-9488-D286158D31CD}
	EndGlobalSection
EndGlobal
